
Microsoft Visual Studio Solution File, Format Version 12.00
Project("{FAE04EC0-301F-11D3-BF4B-00C04F79EFBC}") = "GamanetDemo", "GamanetDemo\GamanetDemo.csproj", "{CD4B51C0-9D8E-49C6-890C-99236C1E5BAA}"
EndProject
Global
	GlobalSection(SolutionConfigurationPlatforms) = preSolution
		Debug|Any CPU = Debug|Any CPU
		Release|Any CPU = Release|Any CPU
	EndGlobalSection
	GlobalSection(ProjectConfigurationPlatforms) = postSolution
		{CD4B51C0-9D8E-49C6-890C-99236C1E5BAA}.Debug|Any CPU.ActiveCfg = Debug|Any CPU
		{CD4B51C0-9D8E-49C6-890C-99236C1E5BAA}.Debug|Any CPU.Build.0 = Debug|Any CPU
		{CD4B51C0-9D8E-49C6-890C-99236C1E5BAA}.Release|Any CPU.ActiveCfg = Release|Any CPU
		{CD4B51C0-9D8E-49C6-890C-99236C1E5BAA}.Release|Any CPU.Build.0 = Release|Any CPU
	EndGlobalSection
EndGlobal
